
Microsoft Visual Studio Solution File, Format Version 12.00
# Visual Studio 15
VisualStudioVersion = 15.0.27703.2035
MinimumVisualStudioVersion = 10.0.40219.1
Project("{FAE04EC0-301F-11D3-BF4B-00C04F79EFBC}") = "LuckyNumber.Android", "LuckyNumber\LuckyNumber.Android\LuckyNumber.Android.csproj", "{D20F245A-17B9-4498-9931-AC9AF37CB12E}"
EndProject
Project("{FAE04EC0-301F-11D3-BF4B-00C04F79EFBC}") = "LuckyNumber.iOS", "LuckyNumber\LuckyNumber.iOS\LuckyNumber.iOS.csproj", "{28F2EAAB-56A9-49B6-9A50-8FB2814B553E}"
EndProject
Project("{D954291E-2A0B-460D-934E-DC6B0785DB48}") = "LuckyNumber", "LuckyNumber\LuckyNumber\LuckyNumber.shproj", "{9497F114-EDD0-45C6-B69E-EA3223A5D928}"
EndProject
Global
	GlobalSection(SharedMSBuildProjectFiles) = preSolution
		LuckyNumber\LuckyNumber\LuckyNumber.projitems*{28f2eaab-56a9-49b6-9a50-8fb2814b553e}*SharedItemsImports = 4
		LuckyNumber\LuckyNumber\LuckyNumber.projitems*{9497f114-edd0-45c6-b69e-ea3223a5d928}*SharedItemsImports = 13
		LuckyNumber\LuckyNumber\LuckyNumber.projitems*{d20f245a-17b9-4498-9931-ac9af37cb12e}*SharedItemsImports = 4
	EndGlobalSection
	GlobalSection(SolutionConfigurationPlatforms) = preSolution
		Ad-Hoc|Any CPU = Ad-Hoc|Any CPU
		Ad-Hoc|iPhone = Ad-Hoc|iPhone
		Ad-Hoc|iPhoneSimulator = Ad-Hoc|iPhoneSimulator
		AppStore|Any CPU = AppStore|Any CPU
		AppStore|iPhone = AppStore|iPhone
		AppStore|iPhoneSimulator = AppStore|iPhoneSimulator
		Debug|Any CPU = Debug|Any CPU
		Debug|iPhone = Debug|iPhone
		Debug|iPhoneSimulator = Debug|iPhoneSimulator
		Release|Any CPU = Release|Any CPU
		Release|iPhone = Release|iPhone
		Release|iPhoneSimulator = Release|iPhoneSimulator
	EndGlobalSection
	GlobalSection(ProjectConfigurationPlatforms) = postSolution
		{D20F245A-17B9-4498-9931-AC9AF37CB12E}.Ad-Hoc|Any CPU.ActiveCfg = Release|Any CPU
		{D20F245A-17B9-4498-9931-AC9AF37CB12E}.Ad-Hoc|Any CPU.Build.0 = Release|Any CPU
		{D20F245A-17B9-4498-9931-AC9AF37CB12E}.Ad-Hoc|Any CPU.Deploy.0 = Release|Any CPU
		{D20F245A-17B9-4498-9931-AC9AF37CB12E}.Ad-Hoc|iPhone.ActiveCfg = Release|Any CPU
		{D20F245A-17B9-4498-9931-AC9AF37CB12E}.Ad-Hoc|iPhone.Build.0 = Release|Any CPU
		{D20F245A-17B9-4498-9931-AC9AF37CB12E}.Ad-Hoc|iPhone.Deploy.0 = Release|Any CPU
		{D20F245A-17B9-4498-9931-AC9AF37CB12E}.Ad-Hoc|iPhoneSimulator.ActiveCfg = Release|Any CPU
		{D20F245A-17B9-4498-9931-AC9AF37CB12E}.Ad-Hoc|iPhoneSimulator.Build.0 = Release|Any CPU
		{D20F245A-17B9-4498-9931-AC9AF37CB12E}.Ad-Hoc|iPhoneSimulator.Deploy.0 = Release|Any CPU
		{D20F245A-17B9-4498-9931-AC9AF37CB12E}.AppStore|Any CPU.ActiveCfg = Release|Any CPU
		{D20F245A-17B9-4498-9931-AC9AF37CB12E}.AppStore|Any CPU.Build.0 = Release|Any CPU
		{D20F245A-17B9-4498-9931-AC9AF37CB12E}.AppStore|Any CPU.Deploy.0 = Release|Any CPU
		{D20F245A-17B9-4498-9931-AC9AF37CB12E}.AppStore|iPhone.ActiveCfg = Release|Any CPU
		{D20F245A-17B9-4498-9931-AC9AF37CB12E}.AppStore|iPhone.Build.0 = Release|Any CPU
		{D20F245A-17B9-4498-9931-AC9AF37CB12E}.AppStore|iPhone.Deploy.0 = Release|Any CPU
		{D20F245A-17B9-4498-9931-AC9AF37CB12E}.AppStore|iPhoneSimulator.ActiveCfg = Release|Any CPU
		{D20F245A-17B9-4498-9931-AC9AF37CB12E}.AppStore|iPhoneSimulator.Build.0 = Release|Any CPU
		{D20F245A-17B9-4498-9931-AC9AF37CB12E}.AppStore|iPhoneSimulator.Deploy.0 = Release|Any CPU
		{D20F245A-17B9-4498-9931-AC9AF37CB12E}.Debug|Any CPU.ActiveCfg = Debug|Any CPU
		{D20F245A-17B9-4498-9931-AC9AF37CB12E}.Debug|Any CPU.Build.0 = Debug|Any CPU
		{D20F245A-17B9-4498-9931-AC9AF37CB12E}.Debug|Any CPU.Deploy.0 = Debug|Any CPU
		{D20F245A-17B9-4498-9931-AC9AF37CB12E}.Debug|iPhone.ActiveCfg = Debug|Any CPU
		{D20F245A-17B9-4498-9931-AC9AF37CB12E}.Debug|iPhone.Build.0 = Debug|Any CPU
		{D20F245A-17B9-4498-9931-AC9AF37CB12E}.Debug|iPhone.Deploy.0 = Debug|Any CPU
		{D20F245A-17B9-4498-9931-AC9AF37CB12E}.Debug|iPhoneSimulator.ActiveCfg = Debug|Any CPU
		{D20F245A-17B9-4498-9931-AC9AF37CB12E}.Debug|iPhoneSimulator.Build.0 = Debug|Any CPU
		{D20F245A-17B9-4498-9931-AC9AF37CB12E}.Debug|iPhoneSimulator.Deploy.0 = Debug|Any CPU
		{D20F245A-17B9-4498-9931-AC9AF37CB12E}.Release|Any CPU.ActiveCfg = Release|Any CPU
		{D20F245A-17B9-4498-9931-AC9AF37CB12E}.Release|Any CPU.Build.0 = Release|Any CPU
		{D20F245A-17B9-4498-9931-AC9AF37CB12E}.Release|Any CPU.Deploy.0 = Release|Any CPU
		{D20F245A-17B9-4498-9931-AC9AF37CB12E}.Release|iPhone.ActiveCfg = Release|Any CPU
		{D20F245A-17B9-4498-9931-AC9AF37CB12E}.Release|iPhone.Build.0 = Release|Any CPU
		{D20F245A-17B9-4498-9931-AC9AF37CB12E}.Release|iPhone.Deploy.0 = Release|Any CPU
		{D20F245A-17B9-4498-9931-AC9AF37CB12E}.Release|iPhoneSimulator.ActiveCfg = Release|Any CPU
		{D20F245A-17B9-4498-9931-AC9AF37CB12E}.Release|iPhoneSimulator.Build.0 = Release|Any CPU
		{D20F245A-17B9-4498-9931-AC9AF37CB12E}.Release|iPhoneSimulator.Deploy.0 = Release|Any CPU
		{28F2EAAB-56A9-49B6-9A50-8FB2814B553E}.Ad-Hoc|Any CPU.ActiveCfg = Ad-Hoc|iPhone
		{28F2EAAB-56A9-49B6-9A50-8FB2814B553E}.Ad-Hoc|Any CPU.Build.0 = Ad-Hoc|iPhone
		{28F2EAAB-56A9-49B6-9A50-8FB2814B553E}.Ad-Hoc|Any CPU.Deploy.0 = Ad-Hoc|iPhone
		{28F2EAAB-56A9-49B6-9A50-8FB2814B553E}.Ad-Hoc|iPhone.ActiveCfg = Ad-Hoc|iPhone
		{28F2EAAB-56A9-49B6-9A50-8FB2814B553E}.Ad-Hoc|iPhone.Build.0 = Ad-Hoc|iPhone
		{28F2EAAB-56A9-49B6-9A50-8FB2814B553E}.Ad-Hoc|iPhone.Deploy.0 = Ad-Hoc|iPhone
		{28F2EAAB-56A9-49B6-9A50-8FB2814B553E}.Ad-Hoc|iPhoneSimulator.ActiveCfg = Ad-Hoc|iPhoneSimulator
		{28F2EAAB-56A9-49B6-9A50-8FB2814B553E}.Ad-Hoc|iPhoneSimulator.Build.0 = Ad-Hoc|iPhoneSimulator
		{28F2EAAB-56A9-49B6-9A50-8FB2814B553E}.Ad-Hoc|iPhoneSimulator.Deploy.0 = Ad-Hoc|iPhoneSimulator
		{28F2EAAB-56A9-49B6-9A50-8FB2814B553E}.AppStore|Any CPU.ActiveCfg = AppStore|iPhone
		{28F2EAAB-56A9-49B6-9A50-8FB2814B553E}.AppStore|Any CPU.Build.0 = AppStore|iPhone
		{28F2EAAB-56A9-49B6-9A50-8FB2814B553E}.AppStore|Any CPU.Deploy.0 = AppStore|iPhone
		{28F2EAAB-56A9-49B6-9A50-8FB2814B553E}.AppStore|iPhone.ActiveCfg = AppStore|iPhone
		{28F2EAAB-56A9-49B6-9A50-8FB2814B553E}.AppStore|iPhone.Build.0 = AppStore|iPhone
		{28F2EAAB-56A9-49B6-9A50-8FB2814B553E}.AppStore|iPhone.Deploy.0 = AppStore|iPhone
		{28F2EAAB-56A9-49B6-9A50-8FB2814B553E}.AppStore|iPhoneSimulator.ActiveCfg = AppStore|iPhoneSimulator
		{28F2EAAB-56A9-49B6-9A50-8FB2814B553E}.AppStore|iPhoneSimulator.Build.0 = AppStore|iPhoneSimulator
		{28F2EAAB-56A9-49B6-9A50-8FB2814B553E}.AppStore|iPhoneSimulator.Deploy.0 = AppStore|iPhoneSimulator
		{28F2EAAB-56A9-49B6-9A50-8FB2814B553E}.Debug|Any CPU.ActiveCfg = Debug|iPhoneSimulator
		{28F2EAAB-56A9-49B6-9A50-8FB2814B553E}.Debug|Any CPU.Build.0 = Debug|iPhoneSimulator
		{28F2EAAB-56A9-49B6-9A50-8FB2814B553E}.Debug|Any CPU.Deploy.0 = Debug|iPhoneSimulator
		{28F2EAAB-56A9-49B6-9A50-8FB2814B553E}.Debug|iPhone.ActiveCfg = Debug|iPhone
		{28F2EAAB-56A9-49B6-9A50-8FB2814B553E}.Debug|iPhone.Build.0 = Debug|iPhone
		{28F2EAAB-56A9-49B6-9A50-8FB2814B553E}.Debug|iPhone.Deploy.0 = Debug|iPhone
		{28F2EAAB-56A9-49B6-9A50-8FB2814B553E}.Debug|iPhoneSimulator.ActiveCfg = Debug|iPhoneSimulator
		{28F2EAAB-56A9-49B6-9A50-8FB2814B553E}.Debug|iPhoneSimulator.Build.0 = Debug|iPhoneSimulator
		{28F2EAAB-56A9-49B6-9A50-8FB2814B553E}.Debug|iPhoneSimulator.Deploy.0 = Debug|iPhoneSimulator
		{28F2EAAB-56A9-49B6-9A50-8FB2814B553E}.Release|Any CPU.ActiveCfg = Release|iPhone
		{28F2EAAB-56A9-49B6-9A50-8FB2814B553E}.Release|Any CPU.Build.0 = Release|iPhone
		{28F2EAAB-56A9-49B6-9A50-8FB2814B553E}.Release|Any CPU.Deploy.0 = Release|iPhone
		{28F2EAAB-56A9-49B6-9A50-8FB2814B553E}.Release|iPhone.ActiveCfg = Release|iPhone
		{28F2EAAB-56A9-49B6-9A50-8FB2814B553E}.Release|iPhone.Build.0 = Release|iPhone
		{28F2EAAB-56A9-49B6-9A50-8FB2814B553E}.Release|iPhone.Deploy.0 = Release|iPhone
		{28F2EAAB-56A9-49B6-9A50-8FB2814B553E}.Release|iPhoneSimulator.ActiveCfg = Release|iPhoneSimulator
		{28F2EAAB-56A9-49B6-9A50-8FB2814B553E}.Release|iPhoneSimulator.Build.0 = Release|iPhoneSimulator
		{28F2EAAB-56A9-49B6-9A50-8FB2814B553E}.Release|iPhoneSimulator.Deploy.0 = Release|iPhoneSimulator
	EndGlobalSection
	GlobalSection(SolutionProperties) = preSolution
		HideSolutionNode = FALSE
	EndGlobalSection
	GlobalSection(ExtensibilityGlobals) = postSolution
		SolutionGuid = {4156FD75-B4AC-4D74-AA2A-6456CAB8046F}
	EndGlobalSection
EndGlobal
